
Microsoft Visual Studio Solution File, Format Version 12.00
# Visual Studio Version 17
VisualStudioVersion = 17.10.34928.147
MinimumVisualStudioVersion = 10.0.40219.1
Project("{FAE04EC0-301F-11D3-BF4B-00C04F79EFBC}") = "bilet16_sharp", "bilet16_sharp\bilet16_sharp.csproj", "{E195807B-C998-44DD-85EC-060B2654678F}"
EndProject
Global
	GlobalSection(SolutionConfigurationPlatforms) = preSolution
		Debug|Any CPU = Debug|Any CPU
		Release|Any CPU = Release|Any CPU
	EndGlobalSection
	GlobalSection(ProjectConfigurationPlatforms) = postSolution
		{E195807B-C998-44DD-85EC-060B2654678F}.Debug|Any CPU.ActiveCfg = Debug|Any CPU
		{E195807B-C998-44DD-85EC-060B2654678F}.Debug|Any CPU.Build.0 = Debug|Any CPU
		{E195807B-C998-44DD-85EC-060B2654678F}.Release|Any CPU.ActiveCfg = Release|Any CPU
		{E195807B-C998-44DD-85EC-060B2654678F}.Release|Any CPU.Build.0 = Release|Any CPU
	EndGlobalSection
	GlobalSection(SolutionProperties) = preSolution
		HideSolutionNode = FALSE
	EndGlobalSection
	GlobalSection(ExtensibilityGlobals) = postSolution
		SolutionGuid = {C585FD1D-7666-433A-8594-22848C7DEEC3}
	EndGlobalSection
EndGlobal
