
Microsoft Visual Studio Solution File, Format Version 12.00
# Visual Studio Version 17
VisualStudioVersion = 17.10.34928.147
MinimumVisualStudioVersion = 10.0.40219.1
Project("{FAE04EC0-301F-11D3-BF4B-00C04F79EFBC}") = "bilet19_sharp", "bilet19_sharp\bilet19_sharp.csproj", "{C69ACA1D-5183-4D36-BF0B-CDCA2597C077}"
EndProject
Global
	GlobalSection(SolutionConfigurationPlatforms) = preSolution
		Debug|Any CPU = Debug|Any CPU
		Release|Any CPU = Release|Any CPU
	EndGlobalSection
	GlobalSection(ProjectConfigurationPlatforms) = postSolution
		{C69ACA1D-5183-4D36-BF0B-CDCA2597C077}.Debug|Any CPU.ActiveCfg = Debug|Any CPU
		{C69ACA1D-5183-4D36-BF0B-CDCA2597C077}.Debug|Any CPU.Build.0 = Debug|Any CPU
		{C69ACA1D-5183-4D36-BF0B-CDCA2597C077}.Release|Any CPU.ActiveCfg = Release|Any CPU
		{C69ACA1D-5183-4D36-BF0B-CDCA2597C077}.Release|Any CPU.Build.0 = Release|Any CPU
	EndGlobalSection
	GlobalSection(SolutionProperties) = preSolution
		HideSolutionNode = FALSE
	EndGlobalSection
	GlobalSection(ExtensibilityGlobals) = postSolution
		SolutionGuid = {493458E5-A82A-4AC9-B5EE-5AAC748C9264}
	EndGlobalSection
EndGlobal
