
Microsoft Visual Studio Solution File, Format Version 12.00
# Visual Studio Version 17
VisualStudioVersion = 17.10.34928.147
MinimumVisualStudioVersion = 10.0.40219.1
Project("{FAE04EC0-301F-11D3-BF4B-00C04F79EFBC}") = "bilet23_sharp", "bilet23_sharp\bilet23_sharp.csproj", "{19CB635D-6D8F-444D-9249-F92AA21A4ED2}"
EndProject
Global
	GlobalSection(SolutionConfigurationPlatforms) = preSolution
		Debug|Any CPU = Debug|Any CPU
		Release|Any CPU = Release|Any CPU
	EndGlobalSection
	GlobalSection(ProjectConfigurationPlatforms) = postSolution
		{19CB635D-6D8F-444D-9249-F92AA21A4ED2}.Debug|Any CPU.ActiveCfg = Debug|Any CPU
		{19CB635D-6D8F-444D-9249-F92AA21A4ED2}.Debug|Any CPU.Build.0 = Debug|Any CPU
		{19CB635D-6D8F-444D-9249-F92AA21A4ED2}.Release|Any CPU.ActiveCfg = Release|Any CPU
		{19CB635D-6D8F-444D-9249-F92AA21A4ED2}.Release|Any CPU.Build.0 = Release|Any CPU
	EndGlobalSection
	GlobalSection(SolutionProperties) = preSolution
		HideSolutionNode = FALSE
	EndGlobalSection
	GlobalSection(ExtensibilityGlobals) = postSolution
		SolutionGuid = {DAFEAF1F-4086-4759-A61E-B89E25BB5DE3}
	EndGlobalSection
EndGlobal
