
Microsoft Visual Studio Solution File, Format Version 12.00
# Visual Studio Version 17
VisualStudioVersion = 17.10.34928.147
MinimumVisualStudioVersion = 10.0.40219.1
Project("{FAE04EC0-301F-11D3-BF4B-00C04F79EFBC}") = "all", "all\all.csproj", "{BBD2D41C-D03C-4888-B5B8-F23093B1CDD1}"
EndProject
Global
	GlobalSection(SolutionConfigurationPlatforms) = preSolution
		Debug|Any CPU = Debug|Any CPU
		Release|Any CPU = Release|Any CPU
	EndGlobalSection
	GlobalSection(ProjectConfigurationPlatforms) = postSolution
		{BBD2D41C-D03C-4888-B5B8-F23093B1CDD1}.Debug|Any CPU.ActiveCfg = Debug|Any CPU
		{BBD2D41C-D03C-4888-B5B8-F23093B1CDD1}.Debug|Any CPU.Build.0 = Debug|Any CPU
		{BBD2D41C-D03C-4888-B5B8-F23093B1CDD1}.Release|Any CPU.ActiveCfg = Release|Any CPU
		{BBD2D41C-D03C-4888-B5B8-F23093B1CDD1}.Release|Any CPU.Build.0 = Release|Any CPU
	EndGlobalSection
	GlobalSection(SolutionProperties) = preSolution
		HideSolutionNode = FALSE
	EndGlobalSection
	GlobalSection(ExtensibilityGlobals) = postSolution
		SolutionGuid = {94D547E4-AE5C-4CAA-96CB-815F90853C17}
	EndGlobalSection
EndGlobal
